
Microsoft Visual Studio Solution File, Format Version 12.00
# Visual Studio Version 17
VisualStudioVersion = 17.12.35527.113
MinimumVisualStudioVersion = 10.0.40219.1
Project("{2150E333-8FDC-42A3-9474-1A3956D46DE8}") = "src", "src", "{66055A47-F6FD-409A-B1B0-514205E33082}"
EndProject
Project("{FAE04EC0-301F-11D3-BF4B-00C04F79EFBC}") = "CrudConsole", "RedisCrud\CrudConsole\CrudConsole.csproj", "{1E52ECD8-0EF7-4155-B4F7-E9CE15230BC9}"
EndProject
Global
	GlobalSection(SolutionConfigurationPlatforms) = preSolution
		Debug|Any CPU = Debug|Any CPU
		Release|Any CPU = Release|Any CPU
	EndGlobalSection
	GlobalSection(ProjectConfigurationPlatforms) = postSolution
		{1E52ECD8-0EF7-4155-B4F7-E9CE15230BC9}.Debug|Any CPU.ActiveCfg = Debug|Any CPU
		{1E52ECD8-0EF7-4155-B4F7-E9CE15230BC9}.Debug|Any CPU.Build.0 = Debug|Any CPU
		{1E52ECD8-0EF7-4155-B4F7-E9CE15230BC9}.Release|Any CPU.ActiveCfg = Release|Any CPU
		{1E52ECD8-0EF7-4155-B4F7-E9CE15230BC9}.Release|Any CPU.Build.0 = Release|Any CPU
	EndGlobalSection
	GlobalSection(SolutionProperties) = preSolution
		HideSolutionNode = FALSE
	EndGlobalSection
	GlobalSection(NestedProjects) = preSolution
		{1E52ECD8-0EF7-4155-B4F7-E9CE15230BC9} = {66055A47-F6FD-409A-B1B0-514205E33082}
	EndGlobalSection
EndGlobal
